{
  "name": "chat_app",
  "version": "1.0.0",
  "lockfileVersion": 1,
  "requires": true,
  "dependencies": {
    "base64": {
      "version": "2.1.0",
      "resolved": "https://registry.npmjs.org/base64/-/base64-2.1.0.tgz",
      "integrity": "sha1-wmY9rwaSA7dY+xK5HFFvroeWMxQ="
    },
    "colors": {
      "version": "1.4.0",
      "resolved": "https://registry.npmjs.org/colors/-/colors-1.4.0.tgz",
      "integrity": "sha512-a+UqTh4kgZg/SlGvfbzDHpgRu7AAQOmmqRHJnxhRZICKFUT91brVhNNt58CMWU9PsBbv3PDCZUHbVxuDiH2mtA=="
    },
    "facebook": {
      "version": "0.0.3",
      "resolved": "https://registry.npmjs.org/facebook/-/facebook-0.0.3.tgz",
      "integrity": "sha1-DSxb499PL1MnsatjMvAU+OtwM0E=",
      "requires": {
        "base64": "^2.1.0"
      }
    },
    "nodeman": {
      "version": "1.1.2",
      "resolved": "https://registry.npmjs.org/nodeman/-/nodeman-1.1.2.tgz",
      "integrity": "sha1-eBKFCPdUDbv/v38QkyIuCdWOG2Q=",
      "requires": {
        "colors": "*"
      }
    },
    "passport": {
      "version": "0.4.1",
      "resolved": "https://registry.npmjs.org/passport/-/passport-0.4.1.tgz",
      "integrity": "sha512-IxXgZZs8d7uFSt3eqNjM9NQ3g3uQCW5avD8mRNoXV99Yig50vjuaez6dQK2qC0kVWPRTujxY0dWgGfT09adjYg==",
      "requires": {
        "passport-strategy": "1.x.x",
        "pause": "0.0.1"
      }
    },
    "passport-local": {
      "version": "1.0.0",
      "resolved": "https://registry.npmjs.org/passport-local/-/passport-local-1.0.0.tgz",
      "integrity": "sha1-H+YyaMkudWBmJkN+O5BmYsFbpu4=",
      "requires": {
        "passport-strategy": "1.x.x"
      }
    },
    "passport-strategy": {
      "version": "1.0.0",
      "resolved": "https://registry.npmjs.org/passport-strategy/-/passport-strategy-1.0.0.tgz",
      "integrity": "sha1-tVOaqPwiWj0a0XlHbd8ja0QPUuQ="
    },
    "pause": {
      "version": "0.0.1",
      "resolved": "https://registry.npmjs.org/pause/-/pause-0.0.1.tgz",
      "integrity": "sha1-HUCLP9t2kjuVQ9lvtMnf1TXZy10="
    }
  }
}
